
Microsoft Visual Studio Solution File, Format Version 12.00
# Visual Studio Version 17
VisualStudioVersion = 17.8.34330.188
MinimumVisualStudioVersion = 10.0.40219.1
Project("{FAE04EC0-301F-11D3-BF4B-00C04F79EFBC}") = "Squelette.Android", "Squelette\Squelette.Android\Squelette.Android.csproj", "{FBACD723-7AAF-4B67-85F7-EA7334FCAB83}"
EndProject
Project("{FAE04EC0-301F-11D3-BF4B-00C04F79EFBC}") = "Squelette.iOS", "Squelette\Squelette.iOS\Squelette.iOS.csproj", "{7365C2F7-C6F6-409D-B2E6-1A8003772FE2}"
EndProject
Project("{FAE04EC0-301F-11D3-BF4B-00C04F79EFBC}") = "Squelette", "Squelette\Squelette\Squelette.csproj", "{97172E7E-C87E-42A6-BF81-13615C655CA9}"
EndProject
Global
	GlobalSection(SolutionConfigurationPlatforms) = preSolution
		Debug|Any CPU = Debug|Any CPU
		Debug|iPhone = Debug|iPhone
		Debug|iPhoneSimulator = Debug|iPhoneSimulator
		Release|Any CPU = Release|Any CPU
		Release|iPhone = Release|iPhone
		Release|iPhoneSimulator = Release|iPhoneSimulator
	EndGlobalSection
	GlobalSection(ProjectConfigurationPlatforms) = postSolution
		{FBACD723-7AAF-4B67-85F7-EA7334FCAB83}.Debug|Any CPU.ActiveCfg = Debug|Any CPU
		{FBACD723-7AAF-4B67-85F7-EA7334FCAB83}.Debug|Any CPU.Build.0 = Debug|Any CPU
		{FBACD723-7AAF-4B67-85F7-EA7334FCAB83}.Debug|Any CPU.Deploy.0 = Debug|Any CPU
		{FBACD723-7AAF-4B67-85F7-EA7334FCAB83}.Debug|iPhone.ActiveCfg = Debug|Any CPU
		{FBACD723-7AAF-4B67-85F7-EA7334FCAB83}.Debug|iPhone.Build.0 = Debug|Any CPU
		{FBACD723-7AAF-4B67-85F7-EA7334FCAB83}.Debug|iPhone.Deploy.0 = Debug|Any CPU
		{FBACD723-7AAF-4B67-85F7-EA7334FCAB83}.Debug|iPhoneSimulator.ActiveCfg = Debug|Any CPU
		{FBACD723-7AAF-4B67-85F7-EA7334FCAB83}.Debug|iPhoneSimulator.Build.0 = Debug|Any CPU
		{FBACD723-7AAF-4B67-85F7-EA7334FCAB83}.Debug|iPhoneSimulator.Deploy.0 = Debug|Any CPU
		{FBACD723-7AAF-4B67-85F7-EA7334FCAB83}.Release|Any CPU.ActiveCfg = Release|Any CPU
		{FBACD723-7AAF-4B67-85F7-EA7334FCAB83}.Release|Any CPU.Build.0 = Release|Any CPU
		{FBACD723-7AAF-4B67-85F7-EA7334FCAB83}.Release|Any CPU.Deploy.0 = Release|Any CPU
		{FBACD723-7AAF-4B67-85F7-EA7334FCAB83}.Release|iPhone.ActiveCfg = Release|Any CPU
		{FBACD723-7AAF-4B67-85F7-EA7334FCAB83}.Release|iPhone.Build.0 = Release|Any CPU
		{FBACD723-7AAF-4B67-85F7-EA7334FCAB83}.Release|iPhone.Deploy.0 = Release|Any CPU
		{FBACD723-7AAF-4B67-85F7-EA7334FCAB83}.Release|iPhoneSimulator.ActiveCfg = Release|Any CPU
		{FBACD723-7AAF-4B67-85F7-EA7334FCAB83}.Release|iPhoneSimulator.Build.0 = Release|Any CPU
		{FBACD723-7AAF-4B67-85F7-EA7334FCAB83}.Release|iPhoneSimulator.Deploy.0 = Release|Any CPU
		{7365C2F7-C6F6-409D-B2E6-1A8003772FE2}.Debug|Any CPU.ActiveCfg = Debug|iPhone
		{7365C2F7-C6F6-409D-B2E6-1A8003772FE2}.Debug|Any CPU.Build.0 = Debug|iPhone
		{7365C2F7-C6F6-409D-B2E6-1A8003772FE2}.Debug|Any CPU.Deploy.0 = Debug|iPhone
		{7365C2F7-C6F6-409D-B2E6-1A8003772FE2}.Debug|iPhone.ActiveCfg = Debug|iPhone
		{7365C2F7-C6F6-409D-B2E6-1A8003772FE2}.Debug|iPhone.Build.0 = Debug|iPhone
		{7365C2F7-C6F6-409D-B2E6-1A8003772FE2}.Debug|iPhone.Deploy.0 = Debug|iPhone
		{7365C2F7-C6F6-409D-B2E6-1A8003772FE2}.Debug|iPhoneSimulator.ActiveCfg = Debug|iPhoneSimulator
		{7365C2F7-C6F6-409D-B2E6-1A8003772FE2}.Debug|iPhoneSimulator.Build.0 = Debug|iPhoneSimulator
		{7365C2F7-C6F6-409D-B2E6-1A8003772FE2}.Debug|iPhoneSimulator.Deploy.0 = Debug|iPhoneSimulator
		{7365C2F7-C6F6-409D-B2E6-1A8003772FE2}.Release|Any CPU.ActiveCfg = Release|iPhoneSimulator
		{7365C2F7-C6F6-409D-B2E6-1A8003772FE2}.Release|Any CPU.Build.0 = Release|iPhoneSimulator
		{7365C2F7-C6F6-409D-B2E6-1A8003772FE2}.Release|Any CPU.Deploy.0 = Release|iPhoneSimulator
		{7365C2F7-C6F6-409D-B2E6-1A8003772FE2}.Release|iPhone.ActiveCfg = Release|iPhone
		{7365C2F7-C6F6-409D-B2E6-1A8003772FE2}.Release|iPhone.Build.0 = Release|iPhone
		{7365C2F7-C6F6-409D-B2E6-1A8003772FE2}.Release|iPhone.Deploy.0 = Release|iPhone
		{7365C2F7-C6F6-409D-B2E6-1A8003772FE2}.Release|iPhoneSimulator.ActiveCfg = Release|iPhoneSimulator
		{7365C2F7-C6F6-409D-B2E6-1A8003772FE2}.Release|iPhoneSimulator.Build.0 = Release|iPhoneSimulator
		{7365C2F7-C6F6-409D-B2E6-1A8003772FE2}.Release|iPhoneSimulator.Deploy.0 = Release|iPhoneSimulator
		{97172E7E-C87E-42A6-BF81-13615C655CA9}.Debug|Any CPU.ActiveCfg = Debug|Any CPU
		{97172E7E-C87E-42A6-BF81-13615C655CA9}.Debug|Any CPU.Build.0 = Debug|Any CPU
		{97172E7E-C87E-42A6-BF81-13615C655CA9}.Debug|Any CPU.Deploy.0 = Debug|Any CPU
		{97172E7E-C87E-42A6-BF81-13615C655CA9}.Debug|iPhone.ActiveCfg = Debug|Any CPU
		{97172E7E-C87E-42A6-BF81-13615C655CA9}.Debug|iPhone.Build.0 = Debug|Any CPU
		{97172E7E-C87E-42A6-BF81-13615C655CA9}.Debug|iPhone.Deploy.0 = Debug|Any CPU
		{97172E7E-C87E-42A6-BF81-13615C655CA9}.Debug|iPhoneSimulator.ActiveCfg = Debug|Any CPU
		{97172E7E-C87E-42A6-BF81-13615C655CA9}.Debug|iPhoneSimulator.Build.0 = Debug|Any CPU
		{97172E7E-C87E-42A6-BF81-13615C655CA9}.Debug|iPhoneSimulator.Deploy.0 = Debug|Any CPU
		{97172E7E-C87E-42A6-BF81-13615C655CA9}.Release|Any CPU.ActiveCfg = Release|Any CPU
		{97172E7E-C87E-42A6-BF81-13615C655CA9}.Release|Any CPU.Build.0 = Release|Any CPU
		{97172E7E-C87E-42A6-BF81-13615C655CA9}.Release|Any CPU.Deploy.0 = Release|Any CPU
		{97172E7E-C87E-42A6-BF81-13615C655CA9}.Release|iPhone.ActiveCfg = Release|Any CPU
		{97172E7E-C87E-42A6-BF81-13615C655CA9}.Release|iPhone.Build.0 = Release|Any CPU
		{97172E7E-C87E-42A6-BF81-13615C655CA9}.Release|iPhone.Deploy.0 = Release|Any CPU
		{97172E7E-C87E-42A6-BF81-13615C655CA9}.Release|iPhoneSimulator.ActiveCfg = Release|Any CPU
		{97172E7E-C87E-42A6-BF81-13615C655CA9}.Release|iPhoneSimulator.Build.0 = Release|Any CPU
		{97172E7E-C87E-42A6-BF81-13615C655CA9}.Release|iPhoneSimulator.Deploy.0 = Release|Any CPU
	EndGlobalSection
	GlobalSection(SolutionProperties) = preSolution
		HideSolutionNode = FALSE
	EndGlobalSection
	GlobalSection(ExtensibilityGlobals) = postSolution
		SolutionGuid = {2EEBAA4E-96AD-46C4-80D7-731CB0B04C4B}
	EndGlobalSection
EndGlobal
